
Microsoft Visual Studio Solution File, Format Version 12.00
# Visual Studio Version 16
VisualStudioVersion = 16.0.32002.261
MinimumVisualStudioVersion = 10.0.40219.1
Project("{FAE04EC0-301F-11D3-BF4B-00C04F79EFBC}") = "Prototype", "Prototype.csproj", "{7645BE2A-6ADF-455E-8D5C-5136EDDF4586}"
EndProject
Project("{2150E333-8FDC-42A3-9474-1A3956D46DE8}") = "CORE", "CORE", "{B90D8632-98D4-4148-A9C9-666C61F79F26}"
EndProject
Project("{2150E333-8FDC-42A3-9474-1A3956D46DE8}") = "Infrastructure", "Infrastructure", "{E9ED974F-A423-4E34-B3CE-CF0DD58380A6}"
EndProject
Project("{2150E333-8FDC-42A3-9474-1A3956D46DE8}") = "Application", "Application", "{8C5E16CA-A522-4C09-9190-EB2DEDC0A0C6}"
EndProject
Project("{2150E333-8FDC-42A3-9474-1A3956D46DE8}") = "Domain", "Domain", "{80E6544C-A95D-467E-91F4-0A430A125458}"
EndProject
Project("{FAE04EC0-301F-11D3-BF4B-00C04F79EFBC}") = "Infrastructure.Settings", "..\Settings\Infrastructure.Settings.csproj", "{C79A7EB7-36F4-4DF2-B6D4-C051C815831D}"
EndProject
Project("{2150E333-8FDC-42A3-9474-1A3956D46DE8}") = "Documentation", "Documentation", "{0F9FA9CE-578E-4233-9C08-F74A94F7338D}"
	ProjectSection(SolutionItems) = preProject
		Readme.md = Readme.md
	EndProjectSection
EndProject
Project("{2150E333-8FDC-42A3-9474-1A3956D46DE8}") = "SRC", "SRC", "{DD658547-A4D7-40B2-9F61-9A51E3032AD4}"
EndProject
Project("{FAE04EC0-301F-11D3-BF4B-00C04F79EFBC}") = "Infrastructure.common", "..\Infrastructure.common\Infrastructure.common.csproj", "{FA20EEF8-67CC-45A2-A78B-EA205B79C14C}"
EndProject
Project("{2150E333-8FDC-42A3-9474-1A3956D46DE8}") = "Persistence", "Persistence", "{1EC98064-AC51-40FD-A329-63A5373C0FEB}"
EndProject
Project("{2150E333-8FDC-42A3-9474-1A3956D46DE8}") = "Repository", "Repository", "{A1896354-1A90-4D60-88EE-FC9222050DC5}"
EndProject
Project("{2150E333-8FDC-42A3-9474-1A3956D46DE8}") = "UOW", "UOW", "{D5CABF9F-8C38-4A76-A44F-68E084F516CC}"
EndProject
Project("{2150E333-8FDC-42A3-9474-1A3956D46DE8}") = "DTOs", "DTOs", "{58DA92D9-EC52-4DCB-83C4-147AC9425581}"
EndProject
Project("{2150E333-8FDC-42A3-9474-1A3956D46DE8}") = "Entities", "Entities", "{2FCD3C71-5494-465D-A568-54350424A298}"
EndProject
Project("{FAE04EC0-301F-11D3-BF4B-00C04F79EFBC}") = "DTOs.Request", "..\DTOs.Request\DTOs.Request.csproj", "{FFCEE6DC-E7A0-49EB-A0E6-DDB5C4023320}"
EndProject
Project("{FAE04EC0-301F-11D3-BF4B-00C04F79EFBC}") = "DTOs.Response", "..\DTOs.Response\DTOs.Response.csproj", "{EB364A95-A02B-45CD-84C8-6F2F3E76AE0D}"
EndProject
Project("{FAE04EC0-301F-11D3-BF4B-00C04F79EFBC}") = "Entities", "..\Entities\Entities.csproj", "{9C02CCCE-3A85-428E-9334-ADCEEE60EACF}"
EndProject
Project("{FAE04EC0-301F-11D3-BF4B-00C04F79EFBC}") = "Repository.Interfaces", "..\Repository.Interfaces\Repository.Interfaces.csproj", "{9416CCB8-A8B9-46CA-96B9-BEF8141556A0}"
EndProject
Project("{FAE04EC0-301F-11D3-BF4B-00C04F79EFBC}") = "Repository.Sybase", "..\Repository.SqlServer\Repository.Sybase.csproj", "{D5083F05-9C26-420A-9B8C-B535D1B2F9F9}"
EndProject
Project("{FAE04EC0-301F-11D3-BF4B-00C04F79EFBC}") = "UOW.Interfaces", "..\UOW.Interfaces\UOW.Interfaces.csproj", "{C3E944E6-6946-40BA-A5C4-0D9F9574F046}"
EndProject
Project("{FAE04EC0-301F-11D3-BF4B-00C04F79EFBC}") = "UOW.Sybase", "..\UOW.Sybase\UOW.Sybase.csproj", "{0A81BA73-058C-40BE-A772-87042FD1C1BB}"
EndProject
Project("{FAE04EC0-301F-11D3-BF4B-00C04F79EFBC}") = "Application", "..\Application\Application.csproj", "{1608DC69-BE1D-4A23-ADC8-FE3DA9724486}"
EndProject
Global
	GlobalSection(SolutionConfigurationPlatforms) = preSolution
		Debug|Any CPU = Debug|Any CPU
		Release|Any CPU = Release|Any CPU
	EndGlobalSection
	GlobalSection(ProjectConfigurationPlatforms) = postSolution
		{7645BE2A-6ADF-455E-8D5C-5136EDDF4586}.Debug|Any CPU.ActiveCfg = Debug|Any CPU
		{7645BE2A-6ADF-455E-8D5C-5136EDDF4586}.Debug|Any CPU.Build.0 = Debug|Any CPU
		{7645BE2A-6ADF-455E-8D5C-5136EDDF4586}.Release|Any CPU.ActiveCfg = Release|Any CPU
		{7645BE2A-6ADF-455E-8D5C-5136EDDF4586}.Release|Any CPU.Build.0 = Release|Any CPU
		{C79A7EB7-36F4-4DF2-B6D4-C051C815831D}.Debug|Any CPU.ActiveCfg = Debug|Any CPU
		{C79A7EB7-36F4-4DF2-B6D4-C051C815831D}.Debug|Any CPU.Build.0 = Debug|Any CPU
		{C79A7EB7-36F4-4DF2-B6D4-C051C815831D}.Release|Any CPU.ActiveCfg = Release|Any CPU
		{C79A7EB7-36F4-4DF2-B6D4-C051C815831D}.Release|Any CPU.Build.0 = Release|Any CPU
		{FA20EEF8-67CC-45A2-A78B-EA205B79C14C}.Debug|Any CPU.ActiveCfg = Debug|Any CPU
		{FA20EEF8-67CC-45A2-A78B-EA205B79C14C}.Debug|Any CPU.Build.0 = Debug|Any CPU
		{FA20EEF8-67CC-45A2-A78B-EA205B79C14C}.Release|Any CPU.ActiveCfg = Release|Any CPU
		{FA20EEF8-67CC-45A2-A78B-EA205B79C14C}.Release|Any CPU.Build.0 = Release|Any CPU
		{FFCEE6DC-E7A0-49EB-A0E6-DDB5C4023320}.Debug|Any CPU.ActiveCfg = Debug|Any CPU
		{FFCEE6DC-E7A0-49EB-A0E6-DDB5C4023320}.Debug|Any CPU.Build.0 = Debug|Any CPU
		{FFCEE6DC-E7A0-49EB-A0E6-DDB5C4023320}.Release|Any CPU.ActiveCfg = Release|Any CPU
		{FFCEE6DC-E7A0-49EB-A0E6-DDB5C4023320}.Release|Any CPU.Build.0 = Release|Any CPU
		{EB364A95-A02B-45CD-84C8-6F2F3E76AE0D}.Debug|Any CPU.ActiveCfg = Debug|Any CPU
		{EB364A95-A02B-45CD-84C8-6F2F3E76AE0D}.Debug|Any CPU.Build.0 = Debug|Any CPU
		{EB364A95-A02B-45CD-84C8-6F2F3E76AE0D}.Release|Any CPU.ActiveCfg = Release|Any CPU
		{EB364A95-A02B-45CD-84C8-6F2F3E76AE0D}.Release|Any CPU.Build.0 = Release|Any CPU
		{9C02CCCE-3A85-428E-9334-ADCEEE60EACF}.Debug|Any CPU.ActiveCfg = Debug|Any CPU
		{9C02CCCE-3A85-428E-9334-ADCEEE60EACF}.Debug|Any CPU.Build.0 = Debug|Any CPU
		{9C02CCCE-3A85-428E-9334-ADCEEE60EACF}.Release|Any CPU.ActiveCfg = Release|Any CPU
		{9C02CCCE-3A85-428E-9334-ADCEEE60EACF}.Release|Any CPU.Build.0 = Release|Any CPU
		{9416CCB8-A8B9-46CA-96B9-BEF8141556A0}.Debug|Any CPU.ActiveCfg = Debug|Any CPU
		{9416CCB8-A8B9-46CA-96B9-BEF8141556A0}.Debug|Any CPU.Build.0 = Debug|Any CPU
		{9416CCB8-A8B9-46CA-96B9-BEF8141556A0}.Release|Any CPU.ActiveCfg = Release|Any CPU
		{9416CCB8-A8B9-46CA-96B9-BEF8141556A0}.Release|Any CPU.Build.0 = Release|Any CPU
		{D5083F05-9C26-420A-9B8C-B535D1B2F9F9}.Debug|Any CPU.ActiveCfg = Debug|Any CPU
		{D5083F05-9C26-420A-9B8C-B535D1B2F9F9}.Debug|Any CPU.Build.0 = Debug|Any CPU
		{D5083F05-9C26-420A-9B8C-B535D1B2F9F9}.Release|Any CPU.ActiveCfg = Release|Any CPU
		{D5083F05-9C26-420A-9B8C-B535D1B2F9F9}.Release|Any CPU.Build.0 = Release|Any CPU
		{C3E944E6-6946-40BA-A5C4-0D9F9574F046}.Debug|Any CPU.ActiveCfg = Debug|Any CPU
		{C3E944E6-6946-40BA-A5C4-0D9F9574F046}.Debug|Any CPU.Build.0 = Debug|Any CPU
		{C3E944E6-6946-40BA-A5C4-0D9F9574F046}.Release|Any CPU.ActiveCfg = Release|Any CPU
		{C3E944E6-6946-40BA-A5C4-0D9F9574F046}.Release|Any CPU.Build.0 = Release|Any CPU
		{0A81BA73-058C-40BE-A772-87042FD1C1BB}.Debug|Any CPU.ActiveCfg = Debug|Any CPU
		{0A81BA73-058C-40BE-A772-87042FD1C1BB}.Debug|Any CPU.Build.0 = Debug|Any CPU
		{0A81BA73-058C-40BE-A772-87042FD1C1BB}.Release|Any CPU.ActiveCfg = Release|Any CPU
		{0A81BA73-058C-40BE-A772-87042FD1C1BB}.Release|Any CPU.Build.0 = Release|Any CPU
		{1608DC69-BE1D-4A23-ADC8-FE3DA9724486}.Debug|Any CPU.ActiveCfg = Debug|Any CPU
		{1608DC69-BE1D-4A23-ADC8-FE3DA9724486}.Debug|Any CPU.Build.0 = Debug|Any CPU
		{1608DC69-BE1D-4A23-ADC8-FE3DA9724486}.Release|Any CPU.ActiveCfg = Release|Any CPU
		{1608DC69-BE1D-4A23-ADC8-FE3DA9724486}.Release|Any CPU.Build.0 = Release|Any CPU
	EndGlobalSection
	GlobalSection(SolutionProperties) = preSolution
		HideSolutionNode = FALSE
	EndGlobalSection
	GlobalSection(NestedProjects) = preSolution
		{B90D8632-98D4-4148-A9C9-666C61F79F26} = {DD658547-A4D7-40B2-9F61-9A51E3032AD4}
		{E9ED974F-A423-4E34-B3CE-CF0DD58380A6} = {DD658547-A4D7-40B2-9F61-9A51E3032AD4}
		{8C5E16CA-A522-4C09-9190-EB2DEDC0A0C6} = {B90D8632-98D4-4148-A9C9-666C61F79F26}
		{80E6544C-A95D-467E-91F4-0A430A125458} = {B90D8632-98D4-4148-A9C9-666C61F79F26}
		{C79A7EB7-36F4-4DF2-B6D4-C051C815831D} = {E9ED974F-A423-4E34-B3CE-CF0DD58380A6}
		{FA20EEF8-67CC-45A2-A78B-EA205B79C14C} = {E9ED974F-A423-4E34-B3CE-CF0DD58380A6}
		{1EC98064-AC51-40FD-A329-63A5373C0FEB} = {B90D8632-98D4-4148-A9C9-666C61F79F26}
		{A1896354-1A90-4D60-88EE-FC9222050DC5} = {1EC98064-AC51-40FD-A329-63A5373C0FEB}
		{D5CABF9F-8C38-4A76-A44F-68E084F516CC} = {1EC98064-AC51-40FD-A329-63A5373C0FEB}
		{58DA92D9-EC52-4DCB-83C4-147AC9425581} = {80E6544C-A95D-467E-91F4-0A430A125458}
		{2FCD3C71-5494-465D-A568-54350424A298} = {80E6544C-A95D-467E-91F4-0A430A125458}
		{FFCEE6DC-E7A0-49EB-A0E6-DDB5C4023320} = {58DA92D9-EC52-4DCB-83C4-147AC9425581}
		{EB364A95-A02B-45CD-84C8-6F2F3E76AE0D} = {58DA92D9-EC52-4DCB-83C4-147AC9425581}
		{9C02CCCE-3A85-428E-9334-ADCEEE60EACF} = {2FCD3C71-5494-465D-A568-54350424A298}
		{9416CCB8-A8B9-46CA-96B9-BEF8141556A0} = {A1896354-1A90-4D60-88EE-FC9222050DC5}
		{D5083F05-9C26-420A-9B8C-B535D1B2F9F9} = {A1896354-1A90-4D60-88EE-FC9222050DC5}
		{C3E944E6-6946-40BA-A5C4-0D9F9574F046} = {D5CABF9F-8C38-4A76-A44F-68E084F516CC}
		{0A81BA73-058C-40BE-A772-87042FD1C1BB} = {D5CABF9F-8C38-4A76-A44F-68E084F516CC}
		{1608DC69-BE1D-4A23-ADC8-FE3DA9724486} = {8C5E16CA-A522-4C09-9190-EB2DEDC0A0C6}
	EndGlobalSection
	GlobalSection(ExtensibilityGlobals) = postSolution
		SolutionGuid = {B365EBF4-63F5-4324-A870-166CD0603577}
	EndGlobalSection
EndGlobal
